// !$*UTF8*$!
{
	archiveVersion = 1;
	classes = {
	};
	objectVersion = 46;
	objects = {

/* Begin PBXBuildFile section */
		18B173A71CF8547E00FD107F /* main.m in Sources */ = {isa = PBXBuildFile; fileRef = 18B173A61CF8547E00FD107F /* main.m */; };
		18B173AA1CF8547E00FD107F /* AppDelegate.m in Sources */ = {isa = PBXBuildFile; fileRef = 18B173A91CF8547E00FD107F /* AppDelegate.m */; };
		4FEBE518C0DE5862EAB6B85C /* Pods_BabySong.framework in Frameworks */ = {isa = PBXBuildFile; fileRef = 023060F8FDE54F21ACBDBCAE /* Pods_BabySong.framework */; };
		770042C21CFFC45E004C689A /* main_nav_left_btn@3x.png in Resources */ = {isa = PBXBuildFile; fileRef = 770042C01CFFC45E004C689A /* main_nav_left_btn@3x.png */; };
		770042C31CFFC45E004C689A /* main_nav_left_btn@2x.png in Resources */ = {isa = PBXBuildFile; fileRef = 770042C11CFFC45E004C689A /* main_nav_left_btn@2x.png */; };
		770042C81CFFDB09004C689A /* iCarousel.m in Sources */ = {isa = PBXBuildFile; fileRef = 770042C71CFFDB09004C689A /* iCarousel.m */; };
		770042D61D001E4F004C689A /* NAKPlaybackIndicatorContentView.m in Sources */ = {isa = PBXBuildFile; fileRef = 770042D11D001E4F004C689A /* NAKPlaybackIndicatorContentView.m */; };
		770042D71D001E4F004C689A /* NAKPlaybackIndicatorView.m in Sources */ = {isa = PBXBuildFile; fileRef = 770042D31D001E4F004C689A /* NAKPlaybackIndicatorView.m */; };
		775FFEE31CFECB160048A1B4 /* MainViewController.m in Sources */ = {isa = PBXBuildFile; fileRef = 775FFEE01CFECB160048A1B4 /* MainViewController.m */; };
		775FFF241CFECB290048A1B4 /* CALayer+Anim.m in Sources */ = {isa = PBXBuildFile; fileRef = 775FFEE81CFECB290048A1B4 /* CALayer+Anim.m */; };
		775FFF251CFECB290048A1B4 /* CALayer+Transition.m in Sources */ = {isa = PBXBuildFile; fileRef = 775FFEEA1CFECB290048A1B4 /* CALayer+Transition.m */; };
		775FFF261CFECB290048A1B4 /* CALayerAnimConst.m in Sources */ = {isa = PBXBuildFile; fileRef = 775FFEED1CFECB290048A1B4 /* CALayerAnimConst.m */; };
		775FFF271CFECB290048A1B4 /* NSArray+Extend.m in Sources */ = {isa = PBXBuildFile; fileRef = 775FFEF01CFECB290048A1B4 /* NSArray+Extend.m */; };
		775FFF281CFECB290048A1B4 /* NSDate+Extend.m in Sources */ = {isa = PBXBuildFile; fileRef = 775FFEF31CFECB290048A1B4 /* NSDate+Extend.m */; };
		775FFF291CFECB290048A1B4 /* NSObject+Extend.m in Sources */ = {isa = PBXBuildFile; fileRef = 775FFEF61CFECB290048A1B4 /* NSObject+Extend.m */; };
		775FFF2A1CFECB290048A1B4 /* NSString+Extend.m in Sources */ = {isa = PBXBuildFile; fileRef = 775FFEF91CFECB290048A1B4 /* NSString+Extend.m */; };
		775FFF2B1CFECB290048A1B4 /* NSString+Password.m in Sources */ = {isa = PBXBuildFile; fileRef = 775FFEFB1CFECB290048A1B4 /* NSString+Password.m */; };
		775FFF2C1CFECB290048A1B4 /* UIBarButtonItem+Extend.m in Sources */ = {isa = PBXBuildFile; fileRef = 775FFEFE1CFECB290048A1B4 /* UIBarButtonItem+Extend.m */; };
		775FFF2D1CFECB290048A1B4 /* UIColor+Extend.m in Sources */ = {isa = PBXBuildFile; fileRef = 775FFF011CFECB290048A1B4 /* UIColor+Extend.m */; };
		775FFF2E1CFECB290048A1B4 /* CheckTFModel.m in Sources */ = {isa = PBXBuildFile; fileRef = 775FFF051CFECB290048A1B4 /* CheckTFModel.m */; };
		775FFF2F1CFECB290048A1B4 /* UIViewController+Extend.m in Sources */ = {isa = PBXBuildFile; fileRef = 775FFF071CFECB290048A1B4 /* UIViewController+Extend.m */; };
		775FFF301CFECB290048A1B4 /* UIDevice+Extend.m in Sources */ = {isa = PBXBuildFile; fileRef = 775FFF0A1CFECB290048A1B4 /* UIDevice+Extend.m */; };
		775FFF311CFECB290048A1B4 /* UIFont+Extend.m in Sources */ = {isa = PBXBuildFile; fileRef = 775FFF0D1CFECB290048A1B4 /* UIFont+Extend.m */; };
		775FFF321CFECB290048A1B4 /* UIImage+Color.m in Sources */ = {isa = PBXBuildFile; fileRef = 775FFF101CFECB290048A1B4 /* UIImage+Color.m */; };
		775FFF331CFECB290048A1B4 /* UIImage+Cut.m in Sources */ = {isa = PBXBuildFile; fileRef = 775FFF121CFECB290048A1B4 /* UIImage+Cut.m */; };
		775FFF341CFECB290048A1B4 /* UIImage+Extend.m in Sources */ = {isa = PBXBuildFile; fileRef = 775FFF141CFECB290048A1B4 /* UIImage+Extend.m */; };
		775FFF351CFECB290048A1B4 /* UIImage+FixOrientation.m in Sources */ = {isa = PBXBuildFile; fileRef = 775FFF161CFECB290048A1B4 /* UIImage+FixOrientation.m */; };
		775FFF361CFECB290048A1B4 /* UIImage+Water.m in Sources */ = {isa = PBXBuildFile; fileRef = 775FFF181CFECB290048A1B4 /* UIImage+Water.m */; };
		775FFF371CFECB290048A1B4 /* UITableViewCell+Extend.m in Sources */ = {isa = PBXBuildFile; fileRef = 775FFF1B1CFECB290048A1B4 /* UITableViewCell+Extend.m */; };
		775FFF381CFECB290048A1B4 /* UIView+Extend.m in Sources */ = {isa = PBXBuildFile; fileRef = 775FFF1E1CFECB290048A1B4 /* UIView+Extend.m */; };
		775FFF391CFECB290048A1B4 /* UIView+UIViewUtil.m in Sources */ = {isa = PBXBuildFile; fileRef = 775FFF201CFECB290048A1B4 /* UIView+UIViewUtil.m */; };
		775FFF3A1CFECB290048A1B4 /* UIWindow+Launch.m in Sources */ = {isa = PBXBuildFile; fileRef = 775FFF231CFECB290048A1B4 /* UIWindow+Launch.m */; };
		775FFF401CFECB7D0048A1B4 /* BaseViewController.m in Sources */ = {isa = PBXBuildFile; fileRef = 775FFF3D1CFECB7D0048A1B4 /* BaseViewController.m */; };
		775FFF411CFECB7D0048A1B4 /* BaseNavigationController.m in Sources */ = {isa = PBXBuildFile; fileRef = 775FFF3F1CFECB7D0048A1B4 /* BaseNavigationController.m */; };
		775FFF441CFECB8B0048A1B4 /* TestViewController.m in Sources */ = {isa = PBXBuildFile; fileRef = 775FFF431CFECB8B0048A1B4 /* TestViewController.m */; };
		77734DE81D0031B6006C395E /* AFHTTPSupport.m in Sources */ = {isa = PBXBuildFile; fileRef = 77734DDF1D0031B6006C395E /* AFHTTPSupport.m */; };
		77734DE91D0031B6006C395E /* Track.m in Sources */ = {isa = PBXBuildFile; fileRef = 77734DE21D0031B6006C395E /* Track.m */; };
		77734DF31D0031F8006C395E /* BaseEntity.m in Sources */ = {isa = PBXBuildFile; fileRef = 77734DEE1D0031F8006C395E /* BaseEntity.m */; };
		77734DF41D0031F8006C395E /* MusicEntity.m in Sources */ = {isa = PBXBuildFile; fileRef = 77734DF01D0031F8006C395E /* MusicEntity.m */; };
		77734DF51D0031F8006C395E /* MusicListEntity.m in Sources */ = {isa = PBXBuildFile; fileRef = 77734DF21D0031F8006C395E /* MusicListEntity.m */; };
		77734DF91D003245006C395E /* UIView+Animations.m in Sources */ = {isa = PBXBuildFile; fileRef = 77734DF81D003245006C395E /* UIView+Animations.m */; };
		77734DFC1D003253006C395E /* NSString+Additions.m in Sources */ = {isa = PBXBuildFile; fileRef = 77734DFB1D003253006C395E /* NSString+Additions.m */; };
		77734E001D00326E006C395E /* GVUserDefaults+Properties.m in Sources */ = {isa = PBXBuildFile; fileRef = 77734DFF1D00326E006C395E /* GVUserDefaults+Properties.m */; };
		77734E061D003339006C395E /* BaseHelper.m in Sources */ = {isa = PBXBuildFile; fileRef = 77734E031D003339006C395E /* BaseHelper.m */; };
		77734E071D003339006C395E /* MusicHandler.m in Sources */ = {isa = PBXBuildFile; fileRef = 77734E051D003339006C395E /* MusicHandler.m */; };
		77734E0F1D003358006C395E /* MusicViewController.m in Sources */ = {isa = PBXBuildFile; fileRef = 77734E0A1D003358006C395E /* MusicViewController.m */; };
		77734E101D003358006C395E /* music_list.json in Resources */ = {isa = PBXBuildFile; fileRef = 77734E0C1D003358006C395E /* music_list.json */; };
		77734E111D003358006C395E /* MusicListViewController.m in Sources */ = {isa = PBXBuildFile; fileRef = 77734E0E1D003358006C395E /* MusicListViewController.m */; };
		77734E1C1D003386006C395E /* Music.storyboard in Resources */ = {isa = PBXBuildFile; fileRef = 77734E131D003386006C395E /* Music.storyboard */; };
		77734E1D1D003386006C395E /* MusicIndicator.m in Sources */ = {isa = PBXBuildFile; fileRef = 77734E151D003386006C395E /* MusicIndicator.m */; };
		77734E1E1D003386006C395E /* MusicSlider.m in Sources */ = {isa = PBXBuildFile; fileRef = 77734E171D003386006C395E /* MusicSlider.m */; };
		77734E1F1D003386006C395E /* MusicList.storyboard in Resources */ = {isa = PBXBuildFile; fileRef = 77734E191D003386006C395E /* MusicList.storyboard */; };
		77734E201D003386006C395E /* MusicListCell.m in Sources */ = {isa = PBXBuildFile; fileRef = 77734E1B1D003386006C395E /* MusicListCell.m */; };
		7795D5F11CFEDC1100DE1676 /* Assets.xcassets in Resources */ = {isa = PBXBuildFile; fileRef = 7795D5EF1CFEDC1100DE1676 /* Assets.xcassets */; };
		7795D5F21CFEDC1100DE1676 /* Info.plist in Resources */ = {isa = PBXBuildFile; fileRef = 7795D5F01CFEDC1100DE1676 /* Info.plist */; };
		7795D5F51CFEDC4400DE1676 /* LaunchScreen.storyboard in Resources */ = {isa = PBXBuildFile; fileRef = 7795D5F31CFEDC4400DE1676 /* LaunchScreen.storyboard */; };
		7795D5F81CFEE28F00DE1676 /* SlideView.m in Sources */ = {isa = PBXBuildFile; fileRef = 7795D5F71CFEE28F00DE1676 /* SlideView.m */; };
/* End PBXBuildFile section */

/* Begin PBXFileReference section */
		023060F8FDE54F21ACBDBCAE /* Pods_BabySong.framework */ = {isa = PBXFileReference; explicitFileType = wrapper.framework; includeInIndex = 0; path = Pods_BabySong.framework; sourceTree = BUILT_PRODUCTS_DIR; };
		120BDFCFB9D47DE3A83ECD45 /* Pods-BabySong.release.xcconfig */ = {isa = PBXFileReference; includeInIndex = 1; lastKnownFileType = text.xcconfig; name = "Pods-BabySong.release.xcconfig"; path = "Pods/Target Support Files/Pods-BabySong/Pods-BabySong.release.xcconfig"; sourceTree = "<group>"; };
		18B173A21CF8547D00FD107F /* BabySong.app */ = {isa = PBXFileReference; explicitFileType = wrapper.application; includeInIndex = 0; path = BabySong.app; sourceTree = BUILT_PRODUCTS_DIR; };
		18B173A61CF8547E00FD107F /* main.m */ = {isa = PBXFileReference; lastKnownFileType = sourcecode.c.objc; path = main.m; sourceTree = "<group>"; };
		18B173A81CF8547E00FD107F /* AppDelegate.h */ = {isa = PBXFileReference; lastKnownFileType = sourcecode.c.h; path = AppDelegate.h; sourceTree = "<group>"; };
		18B173A91CF8547E00FD107F /* AppDelegate.m */ = {isa = PBXFileReference; lastKnownFileType = sourcecode.c.objc; path = AppDelegate.m; sourceTree = "<group>"; };
		3D23839CD8081F0375B369E8 /* Pods-BabySong.debug.xcconfig */ = {isa = PBXFileReference; includeInIndex = 1; lastKnownFileType = text.xcconfig; name = "Pods-BabySong.debug.xcconfig"; path = "Pods/Target Support Files/Pods-BabySong/Pods-BabySong.debug.xcconfig"; sourceTree = "<group>"; };
		770042C01CFFC45E004C689A /* main_nav_left_btn@3x.png */ = {isa = PBXFileReference; lastKnownFileType = image.png; path = "main_nav_left_btn@3x.png"; sourceTree = "<group>"; };
		770042C11CFFC45E004C689A /* main_nav_left_btn@2x.png */ = {isa = PBXFileReference; lastKnownFileType = image.png; path = "main_nav_left_btn@2x.png"; sourceTree = "<group>"; };
		770042C61CFFDB09004C689A /* iCarousel.h */ = {isa = PBXFileReference; fileEncoding = 4; lastKnownFileType = sourcecode.c.h; path = iCarousel.h; sourceTree = "<group>"; };
		770042C71CFFDB09004C689A /* iCarousel.m */ = {isa = PBXFileReference; fileEncoding = 4; lastKnownFileType = sourcecode.c.objc; path = iCarousel.m; sourceTree = "<group>"; };
		770042D01D001E4F004C689A /* NAKPlaybackIndicatorContentView.h */ = {isa = PBXFileReference; fileEncoding = 4; lastKnownFileType = sourcecode.c.h; path = NAKPlaybackIndicatorContentView.h; sourceTree = "<group>"; };
		770042D11D001E4F004C689A /* NAKPlaybackIndicatorContentView.m */ = {isa = PBXFileReference; fileEncoding = 4; lastKnownFileType = sourcecode.c.objc; path = NAKPlaybackIndicatorContentView.m; sourceTree = "<group>"; };
		770042D21D001E4F004C689A /* NAKPlaybackIndicatorView.h */ = {isa = PBXFileReference; fileEncoding = 4; lastKnownFileType = sourcecode.c.h; path = NAKPlaybackIndicatorView.h; sourceTree = "<group>"; };
		770042D31D001E4F004C689A /* NAKPlaybackIndicatorView.m */ = {isa = PBXFileReference; fileEncoding = 4; lastKnownFileType = sourcecode.c.objc; path = NAKPlaybackIndicatorView.m; sourceTree = "<group>"; };
		775FFEDF1CFECB160048A1B4 /* MainViewController.h */ = {isa = PBXFileReference; fileEncoding = 4; lastKnownFileType = sourcecode.c.h; path = MainViewController.h; sourceTree = "<group>"; };
		775FFEE01CFECB160048A1B4 /* MainViewController.m */ = {isa = PBXFileReference; fileEncoding = 4; lastKnownFileType = sourcecode.c.objc; path = MainViewController.m; sourceTree = "<group>"; };
		775FFEE71CFECB290048A1B4 /* CALayer+Anim.h */ = {isa = PBXFileReference; fileEncoding = 4; lastKnownFileType = sourcecode.c.h; path = "CALayer+Anim.h"; sourceTree = "<group>"; };
		775FFEE81CFECB290048A1B4 /* CALayer+Anim.m */ = {isa = PBXFileReference; fileEncoding = 4; lastKnownFileType = sourcecode.c.objc; path = "CALayer+Anim.m"; sourceTree = "<group>"; };
		775FFEE91CFECB290048A1B4 /* CALayer+Transition.h */ = {isa = PBXFileReference; fileEncoding = 4; lastKnownFileType = sourcecode.c.h; path = "CALayer+Transition.h"; sourceTree = "<group>"; };
		775FFEEA1CFECB290048A1B4 /* CALayer+Transition.m */ = {isa = PBXFileReference; fileEncoding = 4; lastKnownFileType = sourcecode.c.objc; path = "CALayer+Transition.m"; sourceTree = "<group>"; };
		775FFEEC1CFECB290048A1B4 /* CALayerAnimConst.h */ = {isa = PBXFileReference; fileEncoding = 4; lastKnownFileType = sourcecode.c.h; path = CALayerAnimConst.h; sourceTree = "<group>"; };
		775FFEED1CFECB290048A1B4 /* CALayerAnimConst.m */ = {isa = PBXFileReference; fileEncoding = 4; lastKnownFileType = sourcecode.c.objc; path = CALayerAnimConst.m; sourceTree = "<group>"; };
		775FFEEF1CFECB290048A1B4 /* NSArray+Extend.h */ = {isa = PBXFileReference; fileEncoding = 4; lastKnownFileType = sourcecode.c.h; path = "NSArray+Extend.h"; sourceTree = "<group>"; };
		775FFEF01CFECB290048A1B4 /* NSArray+Extend.m */ = {isa = PBXFileReference; fileEncoding = 4; lastKnownFileType = sourcecode.c.objc; path = "NSArray+Extend.m"; sourceTree = "<group>"; };
		775FFEF21CFECB290048A1B4 /* NSDate+Extend.h */ = {isa = PBXFileReference; fileEncoding = 4; lastKnownFileType = sourcecode.c.h; path = "NSDate+Extend.h"; sourceTree = "<group>"; };
		775FFEF31CFECB290048A1B4 /* NSDate+Extend.m */ = {isa = PBXFileReference; fileEncoding = 4; lastKnownFileType = sourcecode.c.objc; path = "NSDate+Extend.m"; sourceTree = "<group>"; };
		775FFEF51CFECB290048A1B4 /* NSObject+Extend.h */ = {isa = PBXFileReference; fileEncoding = 4; lastKnownFileType = sourcecode.c.h; path = "NSObject+Extend.h"; sourceTree = "<group>"; };
		775FFEF61CFECB290048A1B4 /* NSObject+Extend.m */ = {isa = PBXFileReference; fileEncoding = 4; lastKnownFileType = sourcecode.c.objc; path = "NSObject+Extend.m"; sourceTree = "<group>"; };
		775FFEF81CFECB290048A1B4 /* NSString+Extend.h */ = {isa = PBXFileReference; fileEncoding = 4; lastKnownFileType = sourcecode.c.h; path = "NSString+Extend.h"; sourceTree = "<group>"; };
		775FFEF91CFECB290048A1B4 /* NSString+Extend.m */ = {isa = PBXFileReference; fileEncoding = 4; lastKnownFileType = sourcecode.c.objc; path = "NSString+Extend.m"; sourceTree = "<group>"; };
		775FFEFA1CFECB290048A1B4 /* NSString+Password.h */ = {isa = PBXFileReference; fileEncoding = 4; lastKnownFileType = sourcecode.c.h; path = "NSString+Password.h"; sourceTree = "<group>"; };
		775FFEFB1CFECB290048A1B4 /* NSString+Password.m */ = {isa = PBXFileReference; fileEncoding = 4; lastKnownFileType = sourcecode.c.objc; path = "NSString+Password.m"; sourceTree = "<group>"; };
		775FFEFD1CFECB290048A1B4 /* UIBarButtonItem+Extend.h */ = {isa = PBXFileReference; fileEncoding = 4; lastKnownFileType = sourcecode.c.h; path = "UIBarButtonItem+Extend.h"; sourceTree = "<group>"; };
		775FFEFE1CFECB290048A1B4 /* UIBarButtonItem+Extend.m */ = {isa = PBXFileReference; fileEncoding = 4; lastKnownFileType = sourcecode.c.objc; path = "UIBarButtonItem+Extend.m"; sourceTree = "<group>"; };
		775FFF001CFECB290048A1B4 /* UIColor+Extend.h */ = {isa = PBXFileReference; fileEncoding = 4; lastKnownFileType = sourcecode.c.h; path = "UIColor+Extend.h"; sourceTree = "<group>"; };
		775FFF011CFECB290048A1B4 /* UIColor+Extend.m */ = {isa = PBXFileReference; fileEncoding = 4; lastKnownFileType = sourcecode.c.objc; path = "UIColor+Extend.m"; sourceTree = "<group>"; };
		775FFF041CFECB290048A1B4 /* CheckTFModel.h */ = {isa = PBXFileReference; fileEncoding = 4; lastKnownFileType = sourcecode.c.h; path = CheckTFModel.h; sourceTree = "<group>"; };
		775FFF051CFECB290048A1B4 /* CheckTFModel.m */ = {isa = PBXFileReference; fileEncoding = 4; lastKnownFileType = sourcecode.c.objc; path = CheckTFModel.m; sourceTree = "<group>"; };
		775FFF061CFECB290048A1B4 /* UIViewController+Extend.h */ = {isa = PBXFileReference; fileEncoding = 4; lastKnownFileType = sourcecode.c.h; path = "UIViewController+Extend.h"; sourceTree = "<group>"; };
		775FFF071CFECB290048A1B4 /* UIViewController+Extend.m */ = {isa = PBXFileReference; fileEncoding = 4; lastKnownFileType = sourcecode.c.objc; path = "UIViewController+Extend.m"; sourceTree = "<group>"; };
		775FFF091CFECB290048A1B4 /* UIDevice+Extend.h */ = {isa = PBXFileReference; fileEncoding = 4; lastKnownFileType = sourcecode.c.h; path = "UIDevice+Extend.h"; sourceTree = "<group>"; };
		775FFF0A1CFECB290048A1B4 /* UIDevice+Extend.m */ = {isa = PBXFileReference; fileEncoding = 4; lastKnownFileType = sourcecode.c.objc; path = "UIDevice+Extend.m"; sourceTree = "<group>"; };
		775FFF0C1CFECB290048A1B4 /* UIFont+Extend.h */ = {isa = PBXFileReference; fileEncoding = 4; lastKnownFileType = sourcecode.c.h; path = "UIFont+Extend.h"; sourceTree = "<group>"; };
		775FFF0D1CFECB290048A1B4 /* UIFont+Extend.m */ = {isa = PBXFileReference; fileEncoding = 4; lastKnownFileType = sourcecode.c.objc; path = "UIFont+Extend.m"; sourceTree = "<group>"; };
		775FFF0F1CFECB290048A1B4 /* UIImage+Color.h */ = {isa = PBXFileReference; fileEncoding = 4; lastKnownFileType = sourcecode.c.h; path = "UIImage+Color.h"; sourceTree = "<group>"; };
		775FFF101CFECB290048A1B4 /* UIImage+Color.m */ = {isa = PBXFileReference; fileEncoding = 4; lastKnownFileType = sourcecode.c.objc; path = "UIImage+Color.m"; sourceTree = "<group>"; };
		775FFF111CFECB290048A1B4 /* UIImage+Cut.h */ = {isa = PBXFileReference; fileEncoding = 4; lastKnownFileType = sourcecode.c.h; path = "UIImage+Cut.h"; sourceTree = "<group>"; };
		775FFF121CFECB290048A1B4 /* UIImage+Cut.m */ = {isa = PBXFileReference; fileEncoding = 4; lastKnownFileType = sourcecode.c.objc; path = "UIImage+Cut.m"; sourceTree = "<group>"; };
		775FFF131CFECB290048A1B4 /* UIImage+Extend.h */ = {isa = PBXFileReference; fileEncoding = 4; lastKnownFileType = sourcecode.c.h; path = "UIImage+Extend.h"; sourceTree = "<group>"; };
		775FFF141CFECB290048A1B4 /* UIImage+Extend.m */ = {isa = PBXFileReference; fileEncoding = 4; lastKnownFileType = sourcecode.c.objc; path = "UIImage+Extend.m"; sourceTree = "<group>"; };
		775FFF151CFECB290048A1B4 /* UIImage+FixOrientation.h */ = {isa = PBXFileReference; fileEncoding = 4; lastKnownFileType = sourcecode.c.h; path = "UIImage+FixOrientation.h"; sourceTree = "<group>"; };
		775FFF161CFECB290048A1B4 /* UIImage+FixOrientation.m */ = {isa = PBXFileReference; fileEncoding = 4; lastKnownFileType = sourcecode.c.objc; path = "UIImage+FixOrientation.m"; sourceTree = "<group>"; };
		775FFF171CFECB290048A1B4 /* UIImage+Water.h */ = {isa = PBXFileReference; fileEncoding = 4; lastKnownFileType = sourcecode.c.h; path = "UIImage+Water.h"; sourceTree = "<group>"; };
		775FFF181CFECB290048A1B4 /* UIImage+Water.m */ = {isa = PBXFileReference; fileEncoding = 4; lastKnownFileType = sourcecode.c.objc; path = "UIImage+Water.m"; sourceTree = "<group>"; };
		775FFF1A1CFECB290048A1B4 /* UITableViewCell+Extend.h */ = {isa = PBXFileReference; fileEncoding = 4; lastKnownFileType = sourcecode.c.h; path = "UITableViewCell+Extend.h"; sourceTree = "<group>"; };
		775FFF1B1CFECB290048A1B4 /* UITableViewCell+Extend.m */ = {isa = PBXFileReference; fileEncoding = 4; lastKnownFileType = sourcecode.c.objc; path = "UITableViewCell+Extend.m"; sourceTree = "<group>"; };
		775FFF1D1CFECB290048A1B4 /* UIView+Extend.h */ = {isa = PBXFileReference; fileEncoding = 4; lastKnownFileType = sourcecode.c.h; path = "UIView+Extend.h"; sourceTree = "<group>"; };
		775FFF1E1CFECB290048A1B4 /* UIView+Extend.m */ = {isa = PBXFileReference; fileEncoding = 4; lastKnownFileType = sourcecode.c.objc; path = "UIView+Extend.m"; sourceTree = "<group>"; };
		775FFF1F1CFECB290048A1B4 /* UIView+UIViewUtil.h */ = {isa = PBXFileReference; fileEncoding = 4; lastKnownFileType = sourcecode.c.h; path = "UIView+UIViewUtil.h"; sourceTree = "<group>"; };
		775FFF201CFECB290048A1B4 /* UIView+UIViewUtil.m */ = {isa = PBXFileReference; fileEncoding = 4; lastKnownFileType = sourcecode.c.objc; path = "UIView+UIViewUtil.m"; sourceTree = "<group>"; };
		775FFF221CFECB290048A1B4 /* UIWindow+Launch.h */ = {isa = PBXFileReference; fileEncoding = 4; lastKnownFileType = sourcecode.c.h; path = "UIWindow+Launch.h"; sourceTree = "<group>"; };
		775FFF231CFECB290048A1B4 /* UIWindow+Launch.m */ = {isa = PBXFileReference; fileEncoding = 4; lastKnownFileType = sourcecode.c.objc; path = "UIWindow+Launch.m"; sourceTree = "<group>"; };
		775FFF3B1CFECB3F0048A1B4 /* PrefixHeader.pch */ = {isa = PBXFileReference; fileEncoding = 4; lastKnownFileType = sourcecode.c.h; path = PrefixHeader.pch; sourceTree = "<group>"; };
		775FFF3C1CFECB7D0048A1B4 /* BaseViewController.h */ = {isa = PBXFileReference; fileEncoding = 4; lastKnownFileType = sourcecode.c.h; name = BaseViewController.h; path = BabySong/Controllers/BaseViewController.h; sourceTree = SOURCE_ROOT; };
		775FFF3D1CFECB7D0048A1B4 /* BaseViewController.m */ = {isa = PBXFileReference; fileEncoding = 4; lastKnownFileType = sourcecode.c.objc; name = BaseViewController.m; path = BabySong/Controllers/BaseViewController.m; sourceTree = SOURCE_ROOT; };
		775FFF3E1CFECB7D0048A1B4 /* BaseNavigationController.h */ = {isa = PBXFileReference; fileEncoding = 4; lastKnownFileType = sourcecode.c.h; name = BaseNavigationController.h; path = BabySong/Controllers/BaseNavigationController.h; sourceTree = SOURCE_ROOT; };
		775FFF3F1CFECB7D0048A1B4 /* BaseNavigationController.m */ = {isa = PBXFileReference; fileEncoding = 4; lastKnownFileType = sourcecode.c.objc; name = BaseNavigationController.m; path = BabySong/Controllers/BaseNavigationController.m; sourceTree = SOURCE_ROOT; };
		775FFF421CFECB8B0048A1B4 /* TestViewController.h */ = {isa = PBXFileReference; fileEncoding = 4; lastKnownFileType = sourcecode.c.h; path = TestViewController.h; sourceTree = "<group>"; };
		775FFF431CFECB8B0048A1B4 /* TestViewController.m */ = {isa = PBXFileReference; fileEncoding = 4; lastKnownFileType = sourcecode.c.objc; path = TestViewController.m; sourceTree = "<group>"; };
		77734DDE1D0031B6006C395E /* AFHTTPSupport.h */ = {isa = PBXFileReference; fileEncoding = 4; lastKnownFileType = sourcecode.c.h; path = AFHTTPSupport.h; sourceTree = "<group>"; };
		77734DDF1D0031B6006C395E /* AFHTTPSupport.m */ = {isa = PBXFileReference; fileEncoding = 4; lastKnownFileType = sourcecode.c.objc; path = AFHTTPSupport.m; sourceTree = "<group>"; };
		77734DE11D0031B6006C395E /* Track.h */ = {isa = PBXFileReference; fileEncoding = 4; lastKnownFileType = sourcecode.c.h; path = Track.h; sourceTree = "<group>"; };
		77734DE21D0031B6006C395E /* Track.m */ = {isa = PBXFileReference; fileEncoding = 4; lastKnownFileType = sourcecode.c.objc; path = Track.m; sourceTree = "<group>"; };
		77734DED1D0031F8006C395E /* BaseEntity.h */ = {isa = PBXFileReference; fileEncoding = 4; lastKnownFileType = sourcecode.c.h; path = BaseEntity.h; sourceTree = "<group>"; };
		77734DEE1D0031F8006C395E /* BaseEntity.m */ = {isa = PBXFileReference; fileEncoding = 4; lastKnownFileType = sourcecode.c.objc; path = BaseEntity.m; sourceTree = "<group>"; };
		77734DEF1D0031F8006C395E /* MusicEntity.h */ = {isa = PBXFileReference; fileEncoding = 4; lastKnownFileType = sourcecode.c.h; path = MusicEntity.h; sourceTree = "<group>"; };
		77734DF01D0031F8006C395E /* MusicEntity.m */ = {isa = PBXFileReference; fileEncoding = 4; lastKnownFileType = sourcecode.c.objc; path = MusicEntity.m; sourceTree = "<group>"; };
		77734DF11D0031F8006C395E /* MusicListEntity.h */ = {isa = PBXFileReference; fileEncoding = 4; lastKnownFileType = sourcecode.c.h; path = MusicListEntity.h; sourceTree = "<group>"; };
		77734DF21D0031F8006C395E /* MusicListEntity.m */ = {isa = PBXFileReference; fileEncoding = 4; lastKnownFileType = sourcecode.c.objc; path = MusicListEntity.m; sourceTree = "<group>"; };
		77734DF61D00320B006C395E /* UIConstant.h */ = {isa = PBXFileReference; fileEncoding = 4; lastKnownFileType = sourcecode.c.h; path = UIConstant.h; sourceTree = "<group>"; };
		77734DF71D003245006C395E /* UIView+Animations.h */ = {isa = PBXFileReference; fileEncoding = 4; lastKnownFileType = sourcecode.c.h; path = "UIView+Animations.h"; sourceTree = "<group>"; };
		77734DF81D003245006C395E /* UIView+Animations.m */ = {isa = PBXFileReference; fileEncoding = 4; lastKnownFileType = sourcecode.c.objc; path = "UIView+Animations.m"; sourceTree = "<group>"; };
		77734DFA1D003253006C395E /* NSString+Additions.h */ = {isa = PBXFileReference; fileEncoding = 4; lastKnownFileType = sourcecode.c.h; path = "NSString+Additions.h"; sourceTree = "<group>"; };
		77734DFB1D003253006C395E /* NSString+Additions.m */ = {isa = PBXFileReference; fileEncoding = 4; lastKnownFileType = sourcecode.c.objc; path = "NSString+Additions.m"; sourceTree = "<group>"; };
		77734DFE1D00326E006C395E /* GVUserDefaults+Properties.h */ = {isa = PBXFileReference; fileEncoding = 4; lastKnownFileType = sourcecode.c.h; path = "GVUserDefaults+Properties.h"; sourceTree = "<group>"; };
		77734DFF1D00326E006C395E /* GVUserDefaults+Properties.m */ = {isa = PBXFileReference; fileEncoding = 4; lastKnownFileType = sourcecode.c.objc; path = "GVUserDefaults+Properties.m"; sourceTree = "<group>"; };
		77734E021D003339006C395E /* BaseHelper.h */ = {isa = PBXFileReference; fileEncoding = 4; lastKnownFileType = sourcecode.c.h; path = BaseHelper.h; sourceTree = "<group>"; };
		77734E031D003339006C395E /* BaseHelper.m */ = {isa = PBXFileReference; fileEncoding = 4; lastKnownFileType = sourcecode.c.objc; path = BaseHelper.m; sourceTree = "<group>"; };
		77734E041D003339006C395E /* MusicHandler.h */ = {isa = PBXFileReference; fileEncoding = 4; lastKnownFileType = sourcecode.c.h; path = MusicHandler.h; sourceTree = "<group>"; };
		77734E051D003339006C395E /* MusicHandler.m */ = {isa = PBXFileReference; fileEncoding = 4; lastKnownFileType = sourcecode.c.objc; path = MusicHandler.m; sourceTree = "<group>"; };
		77734E091D003358006C395E /* MusicViewController.h */ = {isa = PBXFileReference; fileEncoding = 4; lastKnownFileType = sourcecode.c.h; path = MusicViewController.h; sourceTree = "<group>"; };
		77734E0A1D003358006C395E /* MusicViewController.m */ = {isa = PBXFileReference; fileEncoding = 4; lastKnownFileType = sourcecode.c.objc; path = MusicViewController.m; sourceTree = "<group>"; };
		77734E0C1D003358006C395E /* music_list.json */ = {isa = PBXFileReference; fileEncoding = 4; lastKnownFileType = text.json; path = music_list.json; sourceTree = "<group>"; };
		77734E0D1D003358006C395E /* MusicListViewController.h */ = {isa = PBXFileReference; fileEncoding = 4; lastKnownFileType = sourcecode.c.h; path = MusicListViewController.h; sourceTree = "<group>"; };
		77734E0E1D003358006C395E /* MusicListViewController.m */ = {isa = PBXFileReference; fileEncoding = 4; lastKnownFileType = sourcecode.c.objc; path = MusicListViewController.m; sourceTree = "<group>"; };
		77734E131D003386006C395E /* Music.storyboard */ = {isa = PBXFileReference; fileEncoding = 4; lastKnownFileType = file.storyboard; path = Music.storyboard; sourceTree = "<group>"; };
		77734E141D003386006C395E /* MusicIndicator.h */ = {isa = PBXFileReference; fileEncoding = 4; lastKnownFileType = sourcecode.c.h; path = MusicIndicator.h; sourceTree = "<group>"; };
		77734E151D003386006C395E /* MusicIndicator.m */ = {isa = PBXFileReference; fileEncoding = 4; lastKnownFileType = sourcecode.c.objc; path = MusicIndicator.m; sourceTree = "<group>"; };
		77734E161D003386006C395E /* MusicSlider.h */ = {isa = PBXFileReference; fileEncoding = 4; lastKnownFileType = sourcecode.c.h; path = MusicSlider.h; sourceTree = "<group>"; };
		77734E171D003386006C395E /* MusicSlider.m */ = {isa = PBXFileReference; fileEncoding = 4; lastKnownFileType = sourcecode.c.objc; path = MusicSlider.m; sourceTree = "<group>"; };
		77734E191D003386006C395E /* MusicList.storyboard */ = {isa = PBXFileReference; fileEncoding = 4; lastKnownFileType = file.storyboard; path = MusicList.storyboard; sourceTree = "<group>"; };
		77734E1A1D003386006C395E /* MusicListCell.h */ = {isa = PBXFileReference; fileEncoding = 4; lastKnownFileType = sourcecode.c.h; path = MusicListCell.h; sourceTree = "<group>"; };
		77734E1B1D003386006C395E /* MusicListCell.m */ = {isa = PBXFileReference; fileEncoding = 4; lastKnownFileType = sourcecode.c.objc; path = MusicListCell.m; sourceTree = "<group>"; };
		7795D5EF1CFEDC1100DE1676 /* Assets.xcassets */ = {isa = PBXFileReference; lastKnownFileType = folder.assetcatalog; name = Assets.xcassets; path = BabySong/Assets.xcassets; sourceTree = SOURCE_ROOT; };
		7795D5F01CFEDC1100DE1676 /* Info.plist */ = {isa = PBXFileReference; fileEncoding = 4; lastKnownFileType = text.plist.xml; name = Info.plist; path = BabySong/Info.plist; sourceTree = SOURCE_ROOT; };
		7795D5F41CFEDC4400DE1676 /* Base */ = {isa = PBXFileReference; lastKnownFileType = file.storyboard; name = Base; path = BabySong/Base.lproj/LaunchScreen.storyboard; sourceTree = SOURCE_ROOT; };
		7795D5F61CFEE28F00DE1676 /* SlideView.h */ = {isa = PBXFileReference; fileEncoding = 4; lastKnownFileType = sourcecode.c.h; name = SlideView.h; path = BabySong/Controllers/SlideView.h; sourceTree = SOURCE_ROOT; };
		7795D5F71CFEE28F00DE1676 /* SlideView.m */ = {isa = PBXFileReference; fileEncoding = 4; lastKnownFileType = sourcecode.c.objc; name = SlideView.m; path = BabySong/Controllers/SlideView.m; sourceTree = SOURCE_ROOT; };
/* End PBXFileReference section */

/* Begin PBXFrameworksBuildPhase section */
		18B1739F1CF8547D00FD107F /* Frameworks */ = {
			isa = PBXFrameworksBuildPhase;
			buildActionMask = 2147483647;
			files = (
				4FEBE518C0DE5862EAB6B85C /* Pods_BabySong.framework in Frameworks */,
			);
			runOnlyForDeploymentPostprocessing = 0;
		};
/* End PBXFrameworksBuildPhase section */

/* Begin PBXGroup section */
		18B173991CF8547D00FD107F = {
			isa = PBXGroup;
			children = (
				18B173A41CF8547E00FD107F /* BabySong */,
				18B173A31CF8547D00FD107F /* Products */,
				BBA8299AA0CE14E6897FCA26 /* Pods */,
				A310CF9694B359698894CA19 /* Frameworks */,
			);
			sourceTree = "<group>";
		};
		18B173A31CF8547D00FD107F /* Products */ = {
			isa = PBXGroup;
			children = (
				18B173A21CF8547D00FD107F /* BabySong.app */,
			);
			name = Products;
			sourceTree = "<group>";
		};
		18B173A41CF8547E00FD107F /* BabySong */ = {
			isa = PBXGroup;
			children = (
				18B173A81CF8547E00FD107F /* AppDelegate.h */,
				18B173A91CF8547E00FD107F /* AppDelegate.m */,
				775FFEDE1CFECA880048A1B4 /* Controllers */,
				775FFEDA1CFECA510048A1B4 /* Helpers */,
				775FFEDB1CFECA510048A1B4 /* Models */,
				775FFEDC1CFECA510048A1B4 /* Resources */,
				775FFEDD1CFECA510048A1B4 /* Vendors */,
				18B173A51CF8547E00FD107F /* Supporting Files */,
			);
			path = BabySong;
			sourceTree = "<group>";
		};
		18B173A51CF8547E00FD107F /* Supporting Files */ = {
			isa = PBXGroup;
			children = (
				77734DF61D00320B006C395E /* UIConstant.h */,
				770042B91CFFC111004C689A /* Image */,
				775FFF3B1CFECB3F0048A1B4 /* PrefixHeader.pch */,
				18B173A61CF8547E00FD107F /* main.m */,
			);
			name = "Supporting Files";
			sourceTree = "<group>";
		};
		770042B91CFFC111004C689A /* Image */ = {
			isa = PBXGroup;
			children = (
				770042C01CFFC45E004C689A /* main_nav_left_btn@3x.png */,
				770042C11CFFC45E004C689A /* main_nav_left_btn@2x.png */,
			);
			path = Image;
			sourceTree = "<group>";
		};
		770042C51CFFDB09004C689A /* iCarousel */ = {
			isa = PBXGroup;
			children = (
				770042C61CFFDB09004C689A /* iCarousel.h */,
				770042C71CFFDB09004C689A /* iCarousel.m */,
			);
			path = iCarousel;
			sourceTree = "<group>";
		};
		770042C91D00116A004C689A /* LeftSide */ = {
			isa = PBXGroup;
			children = (
				7795D5F61CFEE28F00DE1676 /* SlideView.h */,
				7795D5F71CFEE28F00DE1676 /* SlideView.m */,
			);
			name = LeftSide;
			sourceTree = "<group>";
		};
		770042CF1D001E4F004C689A /* NAKPlaybackIndicatorView */ = {
			isa = PBXGroup;
			children = (
				770042D01D001E4F004C689A /* NAKPlaybackIndicatorContentView.h */,
				770042D11D001E4F004C689A /* NAKPlaybackIndicatorContentView.m */,
				770042D21D001E4F004C689A /* NAKPlaybackIndicatorView.h */,
				770042D31D001E4F004C689A /* NAKPlaybackIndicatorView.m */,
			);
			path = NAKPlaybackIndicatorView;
			sourceTree = "<group>";
		};
		775FFEDA1CFECA510048A1B4 /* Helpers */ = {
			isa = PBXGroup;
			children = (
				77734E011D003339006C395E /* Handlers */,
			);
			path = Helpers;
			sourceTree = "<group>";
		};
		775FFEDB1CFECA510048A1B4 /* Models */ = {
			isa = PBXGroup;
			children = (
				77734DEC1D0031F8006C395E /* Entities */,
			);
			path = Models;
			sourceTree = "<group>";
		};
		775FFEDC1CFECA510048A1B4 /* Resources */ = {
			isa = PBXGroup;
			children = (
				7795D5F31CFEDC4400DE1676 /* LaunchScreen.storyboard */,
				7795D5EF1CFEDC1100DE1676 /* Assets.xcassets */,
				7795D5F01CFEDC1100DE1676 /* Info.plist */,
			);
			path = Resources;
			sourceTree = "<group>";
		};
		775FFEDD1CFECA510048A1B4 /* Vendors */ = {
			isa = PBXGroup;
			children = (
				77734DDE1D0031B6006C395E /* AFHTTPSupport.h */,
				77734DDF1D0031B6006C395E /* AFHTTPSupport.m */,
				77734DE01D0031B6006C395E /* DOUAudioStreamer */,
				770042CF1D001E4F004C689A /* NAKPlaybackIndicatorView */,
				770042C51CFFDB09004C689A /* iCarousel */,
				775FFEE51CFECB290048A1B4 /* CoreCategory */,
			);
			path = Vendors;
			sourceTree = "<group>";
		};
		775FFEDE1CFECA880048A1B4 /* Controllers */ = {
			isa = PBXGroup;
			children = (
				77734E081D003358006C395E /* Music */,
				77734E0B1D003358006C395E /* MusicList */,
				770042C91D00116A004C689A /* LeftSide */,
				775FFF461CFECC150048A1B4 /* View */,
				775FFF451CFECBF20048A1B4 /* Base */,
				775FFEDF1CFECB160048A1B4 /* MainViewController.h */,
				775FFEE01CFECB160048A1B4 /* MainViewController.m */,
				775FFF421CFECB8B0048A1B4 /* TestViewController.h */,
				775FFF431CFECB8B0048A1B4 /* TestViewController.m */,
			);
			path = Controllers;
			sourceTree = "<group>";
		};
		775FFEE51CFECB290048A1B4 /* CoreCategory */ = {
			isa = PBXGroup;
			children = (
				77734DFD1D00326E006C395E /* GVUserDefaults */,
				775FFEE61CFECB290048A1B4 /* CALayer */,
				775FFEEE1CFECB290048A1B4 /* NSArray */,
				775FFEF11CFECB290048A1B4 /* NSDate */,
				775FFEF41CFECB290048A1B4 /* NSObject */,
				775FFEF71CFECB290048A1B4 /* NSString */,
				775FFEFC1CFECB290048A1B4 /* UIBarbuttonItem */,
				775FFEFF1CFECB290048A1B4 /* UIColor */,
				775FFF021CFECB290048A1B4 /* UIController */,
				775FFF081CFECB290048A1B4 /* UIDevice */,
				775FFF0B1CFECB290048A1B4 /* UIFont */,
				775FFF0E1CFECB290048A1B4 /* UIImage */,
				775FFF191CFECB290048A1B4 /* UITableViewCell */,
				775FFF1C1CFECB290048A1B4 /* UIView */,
				775FFF1F1CFECB290048A1B4 /* UIView+UIViewUtil.h */,
				775FFF201CFECB290048A1B4 /* UIView+UIViewUtil.m */,
				775FFF211CFECB290048A1B4 /* UIWindow */,
			);
			path = CoreCategory;
			sourceTree = "<group>";
		};
		775FFEE61CFECB290048A1B4 /* CALayer */ = {
			isa = PBXGroup;
			children = (
				775FFEE71CFECB290048A1B4 /* CALayer+Anim.h */,
				775FFEE81CFECB290048A1B4 /* CALayer+Anim.m */,
				775FFEE91CFECB290048A1B4 /* CALayer+Transition.h */,
				775FFEEA1CFECB290048A1B4 /* CALayer+Transition.m */,
				775FFEEB1CFECB290048A1B4 /* Const */,
			);
			path = CALayer;
			sourceTree = "<group>";
		};
		775FFEEB1CFECB290048A1B4 /* Const */ = {
			isa = PBXGroup;
			children = (
				775FFEEC1CFECB290048A1B4 /* CALayerAnimConst.h */,
				775FFEED1CFECB290048A1B4 /* CALayerAnimConst.m */,
			);
			path = Const;
			sourceTree = "<group>";
		};
		775FFEEE1CFECB290048A1B4 /* NSArray */ = {
			isa = PBXGroup;
			children = (
				775FFEEF1CFECB290048A1B4 /* NSArray+Extend.h */,
				775FFEF01CFECB290048A1B4 /* NSArray+Extend.m */,
			);
			path = NSArray;
			sourceTree = "<group>";
		};
		775FFEF11CFECB290048A1B4 /* NSDate */ = {
			isa = PBXGroup;
			children = (
				775FFEF21CFECB290048A1B4 /* NSDate+Extend.h */,
				775FFEF31CFECB290048A1B4 /* NSDate+Extend.m */,
			);
			path = NSDate;
			sourceTree = "<group>";
		};
		775FFEF41CFECB290048A1B4 /* NSObject */ = {
			isa = PBXGroup;
			children = (
				775FFEF51CFECB290048A1B4 /* NSObject+Extend.h */,
				775FFEF61CFECB290048A1B4 /* NSObject+Extend.m */,
			);
			path = NSObject;
			sourceTree = "<group>";
		};
		775FFEF71CFECB290048A1B4 /* NSString */ = {
			isa = PBXGroup;
			children = (
				77734DFA1D003253006C395E /* NSString+Additions.h */,
				77734DFB1D003253006C395E /* NSString+Additions.m */,
				775FFEF81CFECB290048A1B4 /* NSString+Extend.h */,
				775FFEF91CFECB290048A1B4 /* NSString+Extend.m */,
				775FFEFA1CFECB290048A1B4 /* NSString+Password.h */,
				775FFEFB1CFECB290048A1B4 /* NSString+Password.m */,
			);
			path = NSString;
			sourceTree = "<group>";
		};
		775FFEFC1CFECB290048A1B4 /* UIBarbuttonItem */ = {
			isa = PBXGroup;
			children = (
				775FFEFD1CFECB290048A1B4 /* UIBarButtonItem+Extend.h */,
				775FFEFE1CFECB290048A1B4 /* UIBarButtonItem+Extend.m */,
			);
			path = UIBarbuttonItem;
			sourceTree = "<group>";
		};
		775FFEFF1CFECB290048A1B4 /* UIColor */ = {
			isa = PBXGroup;
			children = (
				775FFF001CFECB290048A1B4 /* UIColor+Extend.h */,
				775FFF011CFECB290048A1B4 /* UIColor+Extend.m */,
			);
			path = UIColor;
			sourceTree = "<group>";
		};
		775FFF021CFECB290048A1B4 /* UIController */ = {
			isa = PBXGroup;
			children = (
				775FFF031CFECB290048A1B4 /* Lib */,
				775FFF061CFECB290048A1B4 /* UIViewController+Extend.h */,
				775FFF071CFECB290048A1B4 /* UIViewController+Extend.m */,
			);
			path = UIController;
			sourceTree = "<group>";
		};
		775FFF031CFECB290048A1B4 /* Lib */ = {
			isa = PBXGroup;
			children = (
				775FFF041CFECB290048A1B4 /* CheckTFModel.h */,
				775FFF051CFECB290048A1B4 /* CheckTFModel.m */,
			);
			path = Lib;
			sourceTree = "<group>";
		};
		775FFF081CFECB290048A1B4 /* UIDevice */ = {
			isa = PBXGroup;
			children = (
				775FFF091CFECB290048A1B4 /* UIDevice+Extend.h */,
				775FFF0A1CFECB290048A1B4 /* UIDevice+Extend.m */,
			);
			path = UIDevice;
			sourceTree = "<group>";
		};
		775FFF0B1CFECB290048A1B4 /* UIFont */ = {
			isa = PBXGroup;
			children = (
				775FFF0C1CFECB290048A1B4 /* UIFont+Extend.h */,
				775FFF0D1CFECB290048A1B4 /* UIFont+Extend.m */,
			);
			path = UIFont;
			sourceTree = "<group>";
		};
		775FFF0E1CFECB290048A1B4 /* UIImage */ = {
			isa = PBXGroup;
			children = (
				775FFF0F1CFECB290048A1B4 /* UIImage+Color.h */,
				775FFF101CFECB290048A1B4 /* UIImage+Color.m */,
				775FFF111CFECB290048A1B4 /* UIImage+Cut.h */,
				775FFF121CFECB290048A1B4 /* UIImage+Cut.m */,
				775FFF131CFECB290048A1B4 /* UIImage+Extend.h */,
				775FFF141CFECB290048A1B4 /* UIImage+Extend.m */,
				775FFF151CFECB290048A1B4 /* UIImage+FixOrientation.h */,
				775FFF161CFECB290048A1B4 /* UIImage+FixOrientation.m */,
				775FFF171CFECB290048A1B4 /* UIImage+Water.h */,
				775FFF181CFECB290048A1B4 /* UIImage+Water.m */,
			);
			path = UIImage;
			sourceTree = "<group>";
		};
		775FFF191CFECB290048A1B4 /* UITableViewCell */ = {
			isa = PBXGroup;
			children = (
				775FFF1A1CFECB290048A1B4 /* UITableViewCell+Extend.h */,
				775FFF1B1CFECB290048A1B4 /* UITableViewCell+Extend.m */,
			);
			path = UITableViewCell;
			sourceTree = "<group>";
		};
		775FFF1C1CFECB290048A1B4 /* UIView */ = {
			isa = PBXGroup;
			children = (
				77734DF71D003245006C395E /* UIView+Animations.h */,
				77734DF81D003245006C395E /* UIView+Animations.m */,
				775FFF1D1CFECB290048A1B4 /* UIView+Extend.h */,
				775FFF1E1CFECB290048A1B4 /* UIView+Extend.m */,
			);
			path = UIView;
			sourceTree = "<group>";
		};
		775FFF211CFECB290048A1B4 /* UIWindow */ = {
			isa = PBXGroup;
			children = (
				775FFF221CFECB290048A1B4 /* UIWindow+Launch.h */,
				775FFF231CFECB290048A1B4 /* UIWindow+Launch.m */,
			);
			path = UIWindow;
			sourceTree = "<group>";
		};
		775FFF451CFECBF20048A1B4 /* Base */ = {
			isa = PBXGroup;
			children = (
				775FFF3C1CFECB7D0048A1B4 /* BaseViewController.h */,
				775FFF3D1CFECB7D0048A1B4 /* BaseViewController.m */,
				775FFF3E1CFECB7D0048A1B4 /* BaseNavigationController.h */,
				775FFF3F1CFECB7D0048A1B4 /* BaseNavigationController.m */,
			);
			path = Base;
			sourceTree = "<group>";
		};
		775FFF461CFECC150048A1B4 /* View */ = {
			isa = PBXGroup;
			children = (
				77734E121D003386006C395E /* Music */,
				77734E181D003386006C395E /* MusicList */,
			);
			path = View;
			sourceTree = "<group>";
		};
		77734DE01D0031B6006C395E /* DOUAudioStreamer */ = {
			isa = PBXGroup;
			children = (
				77734DE11D0031B6006C395E /* Track.h */,
				77734DE21D0031B6006C395E /* Track.m */,
			);
			path = DOUAudioStreamer;
			sourceTree = "<group>";
		};
		77734DEC1D0031F8006C395E /* Entities */ = {
			isa = PBXGroup;
			children = (
				77734DED1D0031F8006C395E /* BaseEntity.h */,
				77734DEE1D0031F8006C395E /* BaseEntity.m */,
				77734DEF1D0031F8006C395E /* MusicEntity.h */,
				77734DF01D0031F8006C395E /* MusicEntity.m */,
				77734DF11D0031F8006C395E /* MusicListEntity.h */,
				77734DF21D0031F8006C395E /* MusicListEntity.m */,
			);
			name = Entities;
			path = "../../../../MySource/ESTMusicPlayer-master/Enesco/Entities";
			sourceTree = "<group>";
		};
		77734DFD1D00326E006C395E /* GVUserDefaults */ = {
			isa = PBXGroup;
			children = (
				77734DFE1D00326E006C395E /* GVUserDefaults+Properties.h */,
				77734DFF1D00326E006C395E /* GVUserDefaults+Properties.m */,
			);
			path = GVUserDefaults;
			sourceTree = "<group>";
		};
		77734E011D003339006C395E /* Handlers */ = {
			isa = PBXGroup;
			children = (
				77734E021D003339006C395E /* BaseHelper.h */,
				77734E031D003339006C395E /* BaseHelper.m */,
				77734E041D003339006C395E /* MusicHandler.h */,
				77734E051D003339006C395E /* MusicHandler.m */,
			);
			name = Handlers;
			path = "../../../../MySource/ESTMusicPlayer-master/Enesco/Handlers";
			sourceTree = "<group>";
		};
		77734E081D003358006C395E /* Music */ = {
			isa = PBXGroup;
			children = (
				77734E091D003358006C395E /* MusicViewController.h */,
				77734E0A1D003358006C395E /* MusicViewController.m */,
			);
			path = Music;
			sourceTree = "<group>";
		};
		77734E0B1D003358006C395E /* MusicList */ = {
			isa = PBXGroup;
			children = (
				77734E0C1D003358006C395E /* music_list.json */,
				77734E0D1D003358006C395E /* MusicListViewController.h */,
				77734E0E1D003358006C395E /* MusicListViewController.m */,
			);
			path = MusicList;
			sourceTree = "<group>";
		};
		77734E121D003386006C395E /* Music */ = {
			isa = PBXGroup;
			children = (
				77734E131D003386006C395E /* Music.storyboard */,
				77734E141D003386006C395E /* MusicIndicator.h */,
				77734E151D003386006C395E /* MusicIndicator.m */,
				77734E161D003386006C395E /* MusicSlider.h */,
				77734E171D003386006C395E /* MusicSlider.m */,
			);
			name = Music;
			path = "../../../../../MySource/ESTMusicPlayer-master/Enesco/Views/Music";
			sourceTree = "<group>";
		};
		77734E181D003386006C395E /* MusicList */ = {
			isa = PBXGroup;
			children = (
				77734E191D003386006C395E /* MusicList.storyboard */,
				77734E1A1D003386006C395E /* MusicListCell.h */,
				77734E1B1D003386006C395E /* MusicListCell.m */,
			);
			name = MusicList;
			path = "../../../../../MySource/ESTMusicPlayer-master/Enesco/Views/MusicList";
			sourceTree = "<group>";
		};
		A310CF9694B359698894CA19 /* Frameworks */ = {
			isa = PBXGroup;
			children = (
				023060F8FDE54F21ACBDBCAE /* Pods_BabySong.framework */,
			);
			name = Frameworks;
			sourceTree = "<group>";
		};
		BBA8299AA0CE14E6897FCA26 /* Pods */ = {
			isa = PBXGroup;
			children = (
				3D23839CD8081F0375B369E8 /* Pods-BabySong.debug.xcconfig */,
				120BDFCFB9D47DE3A83ECD45 /* Pods-BabySong.release.xcconfig */,
			);
			name = Pods;
			sourceTree = "<group>";
		};
/* End PBXGroup section */

/* Begin PBXNativeTarget section */
		18B173A11CF8547D00FD107F /* BabySong */ = {
			isa = PBXNativeTarget;
			buildConfigurationList = 18B173B91CF8547E00FD107F /* Build configuration list for PBXNativeTarget "BabySong" */;
			buildPhases = (
				C90E968C988EE88CE44470C7 /* [CP] Check Pods Manifest.lock */,
				18B1739E1CF8547D00FD107F /* Sources */,
				18B1739F1CF8547D00FD107F /* Frameworks */,
				18B173A01CF8547D00FD107F /* Resources */,
				C83A6E4666846003F69EE490 /* [CP] Embed Pods Frameworks */,
				A0B9071DE82DE5CF368B9ECA /* [CP] Copy Pods Resources */,
			);
			buildRules = (
			);
			dependencies = (
			);
			name = BabySong;
			productName = BabySong;
			productReference = 18B173A21CF8547D00FD107F /* BabySong.app */;
			productType = "com.apple.product-type.application";
		};
/* End PBXNativeTarget section */

/* Begin PBXProject section */
		18B1739A1CF8547D00FD107F /* Project object */ = {
			isa = PBXProject;
			attributes = {
				LastUpgradeCheck = 0730;
				ORGANIZATIONNAME = findsoft;
				TargetAttributes = {
					18B173A11CF8547D00FD107F = {
						CreatedOnToolsVersion = 7.3.1;
						DevelopmentTeam = 2B6R8TH6WY;
					};
				};
			};
			buildConfigurationList = 18B1739D1CF8547D00FD107F /* Build configuration list for PBXProject "BabySong" */;
			compatibilityVersion = "Xcode 3.2";
			developmentRegion = English;
			hasScannedForEncodings = 0;
			knownRegions = (
				en,
				Base,
			);
			mainGroup = 18B173991CF8547D00FD107F;
			productRefGroup = 18B173A31CF8547D00FD107F /* Products */;
			projectDirPath = "";
			projectRoot = "";
			targets = (
				18B173A11CF8547D00FD107F /* BabySong */,
			);
		};
/* End PBXProject section */

/* Begin PBXResourcesBuildPhase section */
		18B173A01CF8547D00FD107F /* Resources */ = {
			isa = PBXResourcesBuildPhase;
			buildActionMask = 2147483647;
			files = (
				77734E1F1D003386006C395E /* MusicList.storyboard in Resources */,
				770042C21CFFC45E004C689A /* main_nav_left_btn@3x.png in Resources */,
				77734E101D003358006C395E /* music_list.json in Resources */,
				77734E1C1D003386006C395E /* Music.storyboard in Resources */,
				7795D5F51CFEDC4400DE1676 /* LaunchScreen.storyboard in Resources */,
				7795D5F21CFEDC1100DE1676 /* Info.plist in Resources */,
				7795D5F11CFEDC1100DE1676 /* Assets.xcassets in Resources */,
				770042C31CFFC45E004C689A /* main_nav_left_btn@2x.png in Resources */,
			);
			runOnlyForDeploymentPostprocessing = 0;
		};
/* End PBXResourcesBuildPhase section */

/* Begin PBXShellScriptBuildPhase section */
		A0B9071DE82DE5CF368B9ECA /* [CP] Copy Pods Resources */ = {
			isa = PBXShellScriptBuildPhase;
			buildActionMask = 2147483647;
			files = (
			);
			inputPaths = (
			);
			name = "[CP] Copy Pods Resources";
			outputPaths = (
			);
			runOnlyForDeploymentPostprocessing = 0;
			shellPath = /bin/sh;
			shellScript = "\"${SRCROOT}/Pods/Target Support Files/Pods-BabySong/Pods-BabySong-resources.sh\"\n";
			showEnvVarsInLog = 0;
		};
		C83A6E4666846003F69EE490 /* [CP] Embed Pods Frameworks */ = {
			isa = PBXShellScriptBuildPhase;
			buildActionMask = 2147483647;
			files = (
			);
			inputPaths = (
			);
			name = "[CP] Embed Pods Frameworks";
			outputPaths = (
			);
			runOnlyForDeploymentPostprocessing = 0;
			shellPath = /bin/sh;
			shellScript = "\"${SRCROOT}/Pods/Target Support Files/Pods-BabySong/Pods-BabySong-frameworks.sh\"\n";
			showEnvVarsInLog = 0;
		};
		C90E968C988EE88CE44470C7 /* [CP] Check Pods Manifest.lock */ = {
			isa = PBXShellScriptBuildPhase;
			buildActionMask = 2147483647;
			files = (
			);
			inputPaths = (
			);
			name = "[CP] Check Pods Manifest.lock";
			outputPaths = (
			);
			runOnlyForDeploymentPostprocessing = 0;
			shellPath = /bin/sh;
			shellScript = "diff \"${PODS_ROOT}/../Podfile.lock\" \"${PODS_ROOT}/Manifest.lock\" > /dev/null\nif [[ $? != 0 ]] ; then\n    cat << EOM\nerror: The sandbox is not in sync with the Podfile.lock. Run 'pod install' or update your CocoaPods installation.\nEOM\n    exit 1\nfi\n";
			showEnvVarsInLog = 0;
		};
/* End PBXShellScriptBuildPhase section */

/* Begin PBXSourcesBuildPhase section */
		18B1739E1CF8547D00FD107F /* Sources */ = {
			isa = PBXSourcesBuildPhase;
			buildActionMask = 2147483647;
			files = (
				775FFF281CFECB290048A1B4 /* NSDate+Extend.m in Sources */,
				775FFF341CFECB290048A1B4 /* UIImage+Extend.m in Sources */,
				770042D71D001E4F004C689A /* NAKPlaybackIndicatorView.m in Sources */,
				775FFF441CFECB8B0048A1B4 /* TestViewController.m in Sources */,
				77734DF51D0031F8006C395E /* MusicListEntity.m in Sources */,
				775FFF301CFECB290048A1B4 /* UIDevice+Extend.m in Sources */,
				775FFF291CFECB290048A1B4 /* NSObject+Extend.m in Sources */,
				77734E1D1D003386006C395E /* MusicIndicator.m in Sources */,
				775FFF2E1CFECB290048A1B4 /* CheckTFModel.m in Sources */,
				77734E0F1D003358006C395E /* MusicViewController.m in Sources */,
				775FFF401CFECB7D0048A1B4 /* BaseViewController.m in Sources */,
				775FFF241CFECB290048A1B4 /* CALayer+Anim.m in Sources */,
				770042C81CFFDB09004C689A /* iCarousel.m in Sources */,
				775FFF251CFECB290048A1B4 /* CALayer+Transition.m in Sources */,
				775FFF2B1CFECB290048A1B4 /* NSString+Password.m in Sources */,
				775FFF261CFECB290048A1B4 /* CALayerAnimConst.m in Sources */,
				77734E001D00326E006C395E /* GVUserDefaults+Properties.m in Sources */,
				775FFF311CFECB290048A1B4 /* UIFont+Extend.m in Sources */,
				775FFF331CFECB290048A1B4 /* UIImage+Cut.m in Sources */,
				77734E071D003339006C395E /* MusicHandler.m in Sources */,
				775FFF391CFECB290048A1B4 /* UIView+UIViewUtil.m in Sources */,
				775FFF371CFECB290048A1B4 /* UITableViewCell+Extend.m in Sources */,
				775FFF411CFECB7D0048A1B4 /* BaseNavigationController.m in Sources */,
				77734E1E1D003386006C395E /* MusicSlider.m in Sources */,
				775FFF351CFECB290048A1B4 /* UIImage+FixOrientation.m in Sources */,
				77734DF31D0031F8006C395E /* BaseEntity.m in Sources */,
				77734E061D003339006C395E /* BaseHelper.m in Sources */,
				770042D61D001E4F004C689A /* NAKPlaybackIndicatorContentView.m in Sources */,
				77734DE81D0031B6006C395E /* AFHTTPSupport.m in Sources */,
				775FFF271CFECB290048A1B4 /* NSArray+Extend.m in Sources */,
				775FFF3A1CFECB290048A1B4 /* UIWindow+Launch.m in Sources */,
				775FFF2C1CFECB290048A1B4 /* UIBarButtonItem+Extend.m in Sources */,
				775FFF381CFECB290048A1B4 /* UIView+Extend.m in Sources */,
				775FFF2D1CFECB290048A1B4 /* UIColor+Extend.m in Sources */,
				775FFF361CFECB290048A1B4 /* UIImage+Water.m in Sources */,
				7795D5F81CFEE28F00DE1676 /* SlideView.m in Sources */,
				77734DE91D0031B6006C395E /* Track.m in Sources */,
				18B173AA1CF8547E00FD107F /* AppDelegate.m in Sources */,
				18B173A71CF8547E00FD107F /* main.m in Sources */,
				77734E201D003386006C395E /* MusicListCell.m in Sources */,
				77734DFC1D003253006C395E /* NSString+Additions.m in Sources */,
				77734E111D003358006C395E /* MusicListViewController.m in Sources */,
				775FFF2F1CFECB290048A1B4 /* UIViewController+Extend.m in Sources */,
				77734DF41D0031F8006C395E /* MusicEntity.m in Sources */,
				775FFF321CFECB290048A1B4 /* UIImage+Color.m in Sources */,
				775FFEE31CFECB160048A1B4 /* MainViewController.m in Sources */,
				77734DF91D003245006C395E /* UIView+Animations.m in Sources */,
				775FFF2A1CFECB290048A1B4 /* NSString+Extend.m in Sources */,
			);
			runOnlyForDeploymentPostprocessing = 0;
		};
/* End PBXSourcesBuildPhase section */

/* Begin PBXVariantGroup section */
		7795D5F31CFEDC4400DE1676 /* LaunchScreen.storyboard */ = {
			isa = PBXVariantGroup;
			children = (
				7795D5F41CFEDC4400DE1676 /* Base */,
			);
			name = LaunchScreen.storyboard;
			sourceTree = "<group>";
		};
/* End PBXVariantGroup section */

/* Begin XCBuildConfiguration section */
		18B173B71CF8547E00FD107F /* Debug */ = {
			isa = XCBuildConfiguration;
			buildSettings = {
				ALWAYS_SEARCH_USER_PATHS = NO;
				CLANG_ANALYZER_NONNULL = YES;
				CLANG_CXX_LANGUAGE_STANDARD = "gnu++0x";
				CLANG_CXX_LIBRARY = "libc++";
				CLANG_ENABLE_MODULES = YES;
				CLANG_ENABLE_OBJC_ARC = YES;
				CLANG_WARN_BOOL_CONVERSION = YES;
				CLANG_WARN_CONSTANT_CONVERSION = YES;
				CLANG_WARN_DIRECT_OBJC_ISA_USAGE = YES_ERROR;
				CLANG_WARN_EMPTY_BODY = YES;
				CLANG_WARN_ENUM_CONVERSION = YES;
				CLANG_WARN_INT_CONVERSION = YES;
				CLANG_WARN_OBJC_ROOT_CLASS = YES_ERROR;
				CLANG_WARN_UNREACHABLE_CODE = YES;
				CLANG_WARN__DUPLICATE_METHOD_MATCH = YES;
				"CODE_SIGN_IDENTITY[sdk=iphoneos*]" = "iPhone Developer";
				COPY_PHASE_STRIP = NO;
				DEBUG_INFORMATION_FORMAT = dwarf;
				ENABLE_STRICT_OBJC_MSGSEND = YES;
				ENABLE_TESTABILITY = YES;
				GCC_C_LANGUAGE_STANDARD = gnu99;
				GCC_DYNAMIC_NO_PIC = NO;
				GCC_NO_COMMON_BLOCKS = YES;
				GCC_OPTIMIZATION_LEVEL = 0;
				GCC_PREPROCESSOR_DEFINITIONS = (
					"DEBUG=1",
					"$(inherited)",
				);
				GCC_WARN_64_TO_32_BIT_CONVERSION = YES;
				GCC_WARN_ABOUT_RETURN_TYPE = YES_ERROR;
				GCC_WARN_UNDECLARED_SELECTOR = YES;
				GCC_WARN_UNINITIALIZED_AUTOS = YES_AGGRESSIVE;
				GCC_WARN_UNUSED_FUNCTION = YES;
				GCC_WARN_UNUSED_VARIABLE = YES;
				IPHONEOS_DEPLOYMENT_TARGET = 9.3;
				MTL_ENABLE_DEBUG_INFO = YES;
				ONLY_ACTIVE_ARCH = YES;
				SDKROOT = iphoneos;
			};
			name = Debug;
		};
		18B173B81CF8547E00FD107F /* Release */ = {
			isa = XCBuildConfiguration;
			buildSettings = {
				ALWAYS_SEARCH_USER_PATHS = NO;
				CLANG_ANALYZER_NONNULL = YES;
				CLANG_CXX_LANGUAGE_STANDARD = "gnu++0x";
				CLANG_CXX_LIBRARY = "libc++";
				CLANG_ENABLE_MODULES = YES;
				CLANG_ENABLE_OBJC_ARC = YES;
				CLANG_WARN_BOOL_CONVERSION = YES;
				CLANG_WARN_CONSTANT_CONVERSION = YES;
				CLANG_WARN_DIRECT_OBJC_ISA_USAGE = YES_ERROR;
				CLANG_WARN_EMPTY_BODY = YES;
				CLANG_WARN_ENUM_CONVERSION = YES;
				CLANG_WARN_INT_CONVERSION = YES;
				CLANG_WARN_OBJC_ROOT_CLASS = YES_ERROR;
				CLANG_WARN_UNREACHABLE_CODE = YES;
				CLANG_WARN__DUPLICATE_METHOD_MATCH = YES;
				"CODE_SIGN_IDENTITY[sdk=iphoneos*]" = "iPhone Developer";
				COPY_PHASE_STRIP = NO;
				DEBUG_INFORMATION_FORMAT = "dwarf-with-dsym";
				ENABLE_NS_ASSERTIONS = NO;
				ENABLE_STRICT_OBJC_MSGSEND = YES;
				GCC_C_LANGUAGE_STANDARD = gnu99;
				GCC_NO_COMMON_BLOCKS = YES;
				GCC_WARN_64_TO_32_BIT_CONVERSION = YES;
				GCC_WARN_ABOUT_RETURN_TYPE = YES_ERROR;
				GCC_WARN_UNDECLARED_SELECTOR = YES;
				GCC_WARN_UNINITIALIZED_AUTOS = YES_AGGRESSIVE;
				GCC_WARN_UNUSED_FUNCTION = YES;
				GCC_WARN_UNUSED_VARIABLE = YES;
				IPHONEOS_DEPLOYMENT_TARGET = 9.3;
				MTL_ENABLE_DEBUG_INFO = NO;
				SDKROOT = iphoneos;
				VALIDATE_PRODUCT = YES;
			};
			name = Release;
		};
		18B173BA1CF8547E00FD107F /* Debug */ = {
			isa = XCBuildConfiguration;
			baseConfigurationReference = 3D23839CD8081F0375B369E8 /* Pods-BabySong.debug.xcconfig */;
			buildSettings = {
				ASSETCATALOG_COMPILER_APPICON_NAME = AppIcon;
				CODE_SIGN_IDENTITY = "iPhone Developer";
				GCC_PREFIX_HEADER = "$(SRCROOT)/BabySong/PrefixHeader.pch";
				INFOPLIST_FILE = BabySong/Info.plist;
				IPHONEOS_DEPLOYMENT_TARGET = 8.0;
				LD_RUNPATH_SEARCH_PATHS = "$(inherited) @executable_path/Frameworks";
				PRODUCT_BUNDLE_IDENTIFIER = com.findsoft.BabySong;
				PRODUCT_NAME = "$(TARGET_NAME)";
				TARGETED_DEVICE_FAMILY = 1;
			};
			name = Debug;
		};
		18B173BB1CF8547E00FD107F /* Release */ = {
			isa = XCBuildConfiguration;
			baseConfigurationReference = 120BDFCFB9D47DE3A83ECD45 /* Pods-BabySong.release.xcconfig */;
			buildSettings = {
				ASSETCATALOG_COMPILER_APPICON_NAME = AppIcon;
				CODE_SIGN_IDENTITY = "iPhone Developer";
				GCC_PREFIX_HEADER = "$(SRCROOT)/BabySong/PrefixHeader.pch";
				INFOPLIST_FILE = BabySong/Info.plist;
				IPHONEOS_DEPLOYMENT_TARGET = 8.0;
				LD_RUNPATH_SEARCH_PATHS = "$(inherited) @executable_path/Frameworks";
				PRODUCT_BUNDLE_IDENTIFIER = com.findsoft.BabySong;
				PRODUCT_NAME = "$(TARGET_NAME)";
				TARGETED_DEVICE_FAMILY = 1;
			};
			name = Release;
		};
/* End XCBuildConfiguration section */

/* Begin XCConfigurationList section */
		18B1739D1CF8547D00FD107F /* Build configuration list for PBXProject "BabySong" */ = {
			isa = XCConfigurationList;
			buildConfigurations = (
				18B173B71CF8547E00FD107F /* Debug */,
				18B173B81CF8547E00FD107F /* Release */,
			);
			defaultConfigurationIsVisible = 0;
			defaultConfigurationName = Release;
		};
		18B173B91CF8547E00FD107F /* Build configuration list for PBXNativeTarget "BabySong" */ = {
			isa = XCConfigurationList;
			buildConfigurations = (
				18B173BA1CF8547E00FD107F /* Debug */,
				18B173BB1CF8547E00FD107F /* Release */,
			);
			defaultConfigurationIsVisible = 0;
			defaultConfigurationName = Release;
		};
/* End XCConfigurationList section */
	};
	rootObject = 18B1739A1CF8547D00FD107F /* Project object */;
}
